{
  "lockfileVersion": 1,
  "workspaces": {
    "": {
      "name": "ESP3D-WebUI",
      "dependencies": {
        "global": "latest",
        "rxjs": "^7.8.1",
      },
      "devDependencies": {
        "@biomejs/biome": "1.9.4",
        "@happy-dom/global-registrator": "^15.11.7",
        "@swc/core": "^1.10.14",
        "@swc/html": "^1.10.14",
        "@types/bun": "^1.2.2",
        "bun-utilities": "^0.2.1",
      },
      "peerDependencies": {
        "typescript": "^5.6.3",
      },
    },
  },
  "packages": {
    "@biomejs/biome": ["@biomejs/biome@1.9.4", "", { "optionalDependencies": { "@biomejs/cli-darwin-arm64": "1.9.4", "@biomejs/cli-darwin-x64": "1.9.4", "@biomejs/cli-linux-arm64": "1.9.4", "@biomejs/cli-linux-arm64-musl": "1.9.4", "@biomejs/cli-linux-x64": "1.9.4", "@biomejs/cli-linux-x64-musl": "1.9.4", "@biomejs/cli-win32-arm64": "1.9.4", "@biomejs/cli-win32-x64": "1.9.4" }, "bin": { "biome": "bin/biome" } }, "sha512-1rkd7G70+o9KkTn5KLmDYXihGoTaIGO9PIIN2ZB7UJxFrWw04CZHPYiMRjYsaDvVV7hP1dYNRLxSANLaBFGpog=="],

    "@biomejs/cli-darwin-arm64": ["@biomejs/cli-darwin-arm64@1.9.4", "", { "os": "darwin", "cpu": "arm64" }, "sha512-bFBsPWrNvkdKrNCYeAp+xo2HecOGPAy9WyNyB/jKnnedgzl4W4Hb9ZMzYNbf8dMCGmUdSavlYHiR01QaYR58cw=="],

    "@biomejs/cli-darwin-x64": ["@biomejs/cli-darwin-x64@1.9.4", "", { "os": "darwin", "cpu": "x64" }, "sha512-ngYBh/+bEedqkSevPVhLP4QfVPCpb+4BBe2p7Xs32dBgs7rh9nY2AIYUL6BgLw1JVXV8GlpKmb/hNiuIxfPfZg=="],

    "@biomejs/cli-linux-arm64": ["@biomejs/cli-linux-arm64@1.9.4", "", { "os": "linux", "cpu": "arm64" }, "sha512-fJIW0+LYujdjUgJJuwesP4EjIBl/N/TcOX3IvIHJQNsAqvV2CHIogsmA94BPG6jZATS4Hi+xv4SkBBQSt1N4/g=="],

    "@biomejs/cli-linux-arm64-musl": ["@biomejs/cli-linux-arm64-musl@1.9.4", "", { "os": "linux", "cpu": "arm64" }, "sha512-v665Ct9WCRjGa8+kTr0CzApU0+XXtRgwmzIf1SeKSGAv+2scAlW6JR5PMFo6FzqqZ64Po79cKODKf3/AAmECqA=="],

    "@biomejs/cli-linux-x64": ["@biomejs/cli-linux-x64@1.9.4", "", { "os": "linux", "cpu": "x64" }, "sha512-lRCJv/Vi3Vlwmbd6K+oQ0KhLHMAysN8lXoCI7XeHlxaajk06u7G+UsFSO01NAs5iYuWKmVZjmiOzJ0OJmGsMwg=="],

    "@biomejs/cli-linux-x64-musl": ["@biomejs/cli-linux-x64-musl@1.9.4", "", { "os": "linux", "cpu": "x64" }, "sha512-gEhi/jSBhZ2m6wjV530Yy8+fNqG8PAinM3oV7CyO+6c3CEh16Eizm21uHVsyVBEB6RIM8JHIl6AGYCv6Q6Q9Tg=="],

    "@biomejs/cli-win32-arm64": ["@biomejs/cli-win32-arm64@1.9.4", "", { "os": "win32", "cpu": "arm64" }, "sha512-tlbhLk+WXZmgwoIKwHIHEBZUwxml7bRJgk0X2sPyNR3S93cdRq6XulAZRQJ17FYGGzWne0fgrXBKpl7l4M87Hg=="],

    "@biomejs/cli-win32-x64": ["@biomejs/cli-win32-x64@1.9.4", "", { "os": "win32", "cpu": "x64" }, "sha512-8Y5wMhVIPaWe6jw2H+KlEm4wP/f7EW3810ZLmDlrEEy5KvBsb9ECEfu/kMWD484ijfQ8+nIi0giMgu9g1UAuuA=="],

    "@happy-dom/global-registrator": ["@happy-dom/global-registrator@15.11.7", "", { "dependencies": { "happy-dom": "^15.11.7" } }, "sha512-mfOoUlIw8VBiJYPrl5RZfMzkXC/z7gbSpi2ecycrj/gRWLq2CMV+Q+0G+JPjeOmuNFgg0skEIzkVFzVYFP6URw=="],

    "@swc/core": ["@swc/core@1.10.14", "", { "dependencies": { "@swc/counter": "^0.1.3", "@swc/types": "^0.1.17" }, "optionalDependencies": { "@swc/core-darwin-arm64": "1.10.14", "@swc/core-darwin-x64": "1.10.14", "@swc/core-linux-arm-gnueabihf": "1.10.14", "@swc/core-linux-arm64-gnu": "1.10.14", "@swc/core-linux-arm64-musl": "1.10.14", "@swc/core-linux-x64-gnu": "1.10.14", "@swc/core-linux-x64-musl": "1.10.14", "@swc/core-win32-arm64-msvc": "1.10.14", "@swc/core-win32-ia32-msvc": "1.10.14", "@swc/core-win32-x64-msvc": "1.10.14" }, "peerDependencies": { "@swc/helpers": "*" }, "optionalPeers": ["@swc/helpers"] }, "sha512-WSrnE6JRnH20ZYjOOgSS4aOaPv9gxlkI2KRkN24kagbZnPZMnN8bZZyzw1rrLvwgpuRGv17Uz+hflosbR+SP6w=="],

    "@swc/core-darwin-arm64": ["@swc/core-darwin-arm64@1.10.14", "", { "os": "darwin", "cpu": "arm64" }, "sha512-Dh4VyrhDDb05tdRmqJ/MucOPMTnrB4pRJol18HVyLlqu1HOT5EzonUniNTCdQbUXjgdv5UVJSTE1lYTzrp+myA=="],

    "@swc/core-darwin-x64": ["@swc/core-darwin-x64@1.10.14", "", { "os": "darwin", "cpu": "x64" }, "sha512-KpzotL/I0O12RE3tF8NmQErINv0cQe/0mnN/Q50ESFzB5kU6bLgp2HMnnwDTm/XEZZRJCNe0oc9WJ5rKbAJFRQ=="],

    "@swc/core-linux-arm-gnueabihf": ["@swc/core-linux-arm-gnueabihf@1.10.14", "", { "os": "linux", "cpu": "arm" }, "sha512-20yRXZjMJVz1wp1TcscKiGTVXistG+saIaxOmxSNQia1Qun3hSWLL+u6+5kXbfYGr7R2N6kqSwtZbIfJI25r9Q=="],

    "@swc/core-linux-arm64-gnu": ["@swc/core-linux-arm64-gnu@1.10.14", "", { "os": "linux", "cpu": "arm64" }, "sha512-Gy7cGrNkiMfPxQyLGxdgXPwyWzNzbHuWycJFcoKBihxZKZIW8hkPBttkGivuLC+0qOgsV2/U+S7tlvAju7FtmQ=="],

    "@swc/core-linux-arm64-musl": ["@swc/core-linux-arm64-musl@1.10.14", "", { "os": "linux", "cpu": "arm64" }, "sha512-+oYVqJvFw62InZ8PIy1rBACJPC2WTe4vbVb9kM1jJj2D7dKLm9acnnYIVIDsM5Wo7Uab8RvPHXVbs19IBurzuw=="],

    "@swc/core-linux-x64-gnu": ["@swc/core-linux-x64-gnu@1.10.14", "", { "os": "linux", "cpu": "x64" }, "sha512-OmEbVEKQFLQVHwo4EJl9osmlulURy46k232Opfpn/1ji0t2KcNCci3POsnfMuoZjLkGJv8vGNJdPQxX+CP+wSA=="],

    "@swc/core-linux-x64-musl": ["@swc/core-linux-x64-musl@1.10.14", "", { "os": "linux", "cpu": "x64" }, "sha512-OZW+Icm8DMPqHbhdxplkuG8qrNnPk5i7xJOZWYi1y5bTjgGFI4nEzrsmmeHKMdQTaWwsFrm3uK1rlyQ48MmXmg=="],

    "@swc/core-win32-arm64-msvc": ["@swc/core-win32-arm64-msvc@1.10.14", "", { "os": "win32", "cpu": "arm64" }, "sha512-sTvc+xrDQXy3HXZFtTEClY35Efvuc3D+busYm0+rb1+Thau4HLRY9WP+sOKeGwH9/16rzfzYEqD7Ds8A9ykrHw=="],

    "@swc/core-win32-ia32-msvc": ["@swc/core-win32-ia32-msvc@1.10.14", "", { "os": "win32", "cpu": "ia32" }, "sha512-j2iQ4y9GWTKtES5eMU0sDsFdYni7IxME7ejFej25Tv3Fq4B+U9tgtYWlJwh1858nIWDXelHiKcSh/UICAyVMdQ=="],

    "@swc/core-win32-x64-msvc": ["@swc/core-win32-x64-msvc@1.10.14", "", { "os": "win32", "cpu": "x64" }, "sha512-TYtWkUSMkjs0jGPeWdtWbex4B+DlQZmN/ySVLiPI+EltYCLEXsFMkVFq6aWn48dqFHggFK0UYfvDrJUR2c3Qxg=="],

    "@swc/counter": ["@swc/counter@0.1.3", "", {}, "sha512-e2BR4lsJkkRlKZ/qCHPw9ZaSxc0MVUd7gtbtaB7aMvHeJVYe8sOB8DBZkP2DtISHGSku9sCK6T6cnY0CtXrOCQ=="],

    "@swc/html": ["@swc/html@1.10.14", "", { "dependencies": { "@swc/counter": "^0.1.3" }, "optionalDependencies": { "@swc/html-darwin-arm64": "1.10.14", "@swc/html-darwin-x64": "1.10.14", "@swc/html-linux-arm-gnueabihf": "1.10.14", "@swc/html-linux-arm64-gnu": "1.10.14", "@swc/html-linux-arm64-musl": "1.10.14", "@swc/html-linux-x64-gnu": "1.10.14", "@swc/html-linux-x64-musl": "1.10.14", "@swc/html-win32-arm64-msvc": "1.10.14", "@swc/html-win32-ia32-msvc": "1.10.14", "@swc/html-win32-x64-msvc": "1.10.14" } }, "sha512-N0/2AFhfzZoRZGYFU4DhqSms9J7k9bZVSQjyg3kaJqVRRnl7lf34SVxOGu3jRat/2UgBQP9HEfeZxyN+GFYMqw=="],

    "@swc/html-darwin-arm64": ["@swc/html-darwin-arm64@1.10.14", "", { "os": "darwin", "cpu": "arm64" }, "sha512-Ip4c29e+QYnMwP1uqtVZv8A2nawmeCyjFqR962/N0DP3+fuATmfLVPz8JNk7RZgLjwImwxKk/Hegsr0xA6Z1WQ=="],

    "@swc/html-darwin-x64": ["@swc/html-darwin-x64@1.10.14", "", { "os": "darwin", "cpu": "x64" }, "sha512-HUlKlkJZgbVo+z0qn+UD4pgAUNQJBVBLFR0lidFc0RxQCd3LML7Jb6zHguQ7MJinebV4fo2u55wHB52HaNikew=="],

    "@swc/html-linux-arm-gnueabihf": ["@swc/html-linux-arm-gnueabihf@1.10.14", "", { "os": "linux", "cpu": "arm" }, "sha512-4o1EmCacuqJVuxFOfrDKebHMKHC8Dq4tmEuAw0PjfBdGViW5Eam8jHX4eoh9tMWMLMWm21Yk8YsDuaVEA1afMg=="],

    "@swc/html-linux-arm64-gnu": ["@swc/html-linux-arm64-gnu@1.10.14", "", { "os": "linux", "cpu": "arm64" }, "sha512-gAyqu4FENCmw0Ee022zPhtQnI5gUkC6mfIX/An6KgFYsDEJhd3f6MzSH1aWeXYbVOULOkWDP4PhuXIBBmnfmQg=="],

    "@swc/html-linux-arm64-musl": ["@swc/html-linux-arm64-musl@1.10.14", "", { "os": "linux", "cpu": "arm64" }, "sha512-FPMag5b0+XHu9ibKmuDMP+DJbbl+BENMafmYIUHWLFGZQATjzt6PMz6TxPZOfULo0B3/z6HxH7s9fEKvBRtRwA=="],

    "@swc/html-linux-x64-gnu": ["@swc/html-linux-x64-gnu@1.10.14", "", { "os": "linux", "cpu": "x64" }, "sha512-iXHZ07fJqLPE6HX/NMtdc3GtVI1df//wn4EgVn49lRm9GiEZFhWtJrbvujBbaZF/g6KPt4GyQbXLm5ZFXOyayA=="],

    "@swc/html-linux-x64-musl": ["@swc/html-linux-x64-musl@1.10.14", "", { "os": "linux", "cpu": "x64" }, "sha512-VXrj8CWFgAGWtsAFYeRdUdWHShvPx6PQrVdVBEAVaBsfPh9ArKeptZTNCvnKoRozvl7yPtw5Bj8nD31u2Jqx5w=="],

    "@swc/html-win32-arm64-msvc": ["@swc/html-win32-arm64-msvc@1.10.14", "", { "os": "win32", "cpu": "arm64" }, "sha512-MB2u88PQyEgrZsUIug/w+yp15mwC0Y5qAu+/QOjeZwTcTVoGlXQu7ndzXc5x8FyC4z32P0jxYWt7vcwPBN3YYA=="],

    "@swc/html-win32-ia32-msvc": ["@swc/html-win32-ia32-msvc@1.10.14", "", { "os": "win32", "cpu": "ia32" }, "sha512-9Ukrxxm9VLEcl77l81VxZdID6jx4EXWekOpqQ4eaeS9MVMLwmY67xmuP5/Ip91oKNJ/wvh+U3y0blo20cnQHeQ=="],

    "@swc/html-win32-x64-msvc": ["@swc/html-win32-x64-msvc@1.10.14", "", { "os": "win32", "cpu": "x64" }, "sha512-S1x0+4XCxKMJBlL/YHcAgkQkERNWv5vcSlg0wcXtoa/BACWtB73N+kWusGR0qTj2s8oW3c1e9vcM+f4XH1WxAg=="],

    "@swc/types": ["@swc/types@0.1.17", "", { "dependencies": { "@swc/counter": "^0.1.3" } }, "sha512-V5gRru+aD8YVyCOMAjMpWR1Ui577DD5KSJsHP8RAxopAH22jFz6GZd/qxqjO6MJHQhcsjvjOFXyDhyLQUnMveQ=="],

    "@types/bun": ["@types/bun@1.2.2", "", { "dependencies": { "bun-types": "1.2.2" } }, "sha512-tr74gdku+AEDN5ergNiBnplr7hpDp3V1h7fqI2GcR/rsUaM39jpSeKH0TFibRvU0KwniRx5POgaYnaXbk0hU+w=="],

    "@types/node": ["@types/node@20.12.14", "", { "dependencies": { "undici-types": "~5.26.4" } }, "sha512-scnD59RpYD91xngrQQLGkE+6UrHUPzeKZWhhjBSa3HSkwjbQc38+q3RoIVEwxQGRw3M+j5hpNAM+lgV3cVormg=="],

    "@types/ws": ["@types/ws@8.5.13", "", { "dependencies": { "@types/node": "*" } }, "sha512-osM/gWBTPKgHV8XkTunnegTRIsvF6owmf5w+JtAfOw472dptdm0dlGv4xCt6GwQRcC2XVOvvRE/0bAoQcL2QkA=="],

    "bun-types": ["bun-types@1.2.2", "", { "dependencies": { "@types/node": "*", "@types/ws": "~8.5.10" } }, "sha512-RCbMH5elr9gjgDGDhkTTugA21XtJAy/9jkKe/G3WR2q17VPGhcquf9Sir6uay9iW+7P/BV0CAHA1XlHXMAVKHg=="],

    "bun-utilities": ["bun-utilities@0.2.1", "", {}, "sha512-2e4rMaA50zfUqvc3+Cu8I88nCzvF6WsOnxz4iZSSSQt/pBGgpiwgFCx2y5/s69C9iaCVfyrM6kHxYOgvVx1e8Q=="],

    "dom-walk": ["dom-walk@0.1.2", "", {}, "sha512-6QvTW9mrGeIegrFXdtQi9pk7O/nSK6lSdXW2eqUspN5LWD7UTji2Fqw5V2YLjBpHEoU9Xl/eUWNpDeZvoyOv2w=="],

    "entities": ["entities@4.5.0", "", {}, "sha512-V0hjH4dGPh9Ao5p0MoRY6BVqtwCjhz6vI5LT8AJ55H+4g9/4vbHx1I54fS0XuclLhDHArPQCiMjDxjaL8fPxhw=="],

    "global": ["global@4.4.0", "", { "dependencies": { "min-document": "^2.19.0", "process": "^0.11.10" } }, "sha512-wv/LAoHdRE3BeTGz53FAamhGlPLhlssK45usmGFThIi4XqnBmjKQ16u+RNbP7WvigRZDxUsM0J3gcQ5yicaL0w=="],

    "happy-dom": ["happy-dom@15.11.7", "", { "dependencies": { "entities": "^4.5.0", "webidl-conversions": "^7.0.0", "whatwg-mimetype": "^3.0.0" } }, "sha512-KyrFvnl+J9US63TEzwoiJOQzZBJY7KgBushJA8X61DMbNsH+2ONkDuLDnCnwUiPTF42tLoEmrPyoqbenVA5zrg=="],

    "min-document": ["min-document@2.19.0", "", { "dependencies": { "dom-walk": "^0.1.0" } }, "sha512-9Wy1B3m3f66bPPmU5hdA4DR4PB2OfDU/+GS3yAB7IQozE3tqXaVv2zOjgla7MEGSRv95+ILmOuvhLkOK6wJtCQ=="],

    "process": ["process@0.11.10", "", {}, "sha512-cdGef/drWFoydD1JsMzuFf8100nZl+GT+yacc2bEced5f9Rjk4z+WtFUTBu9PhOi9j/jfmBPu0mMEY4wIdAF8A=="],

    "rxjs": ["rxjs@7.8.1", "", { "dependencies": { "tslib": "^2.1.0" } }, "sha512-AA3TVj+0A2iuIoQkWEK/tqFjBq2j+6PO6Y0zJcvzLAFhEFIO3HL0vls9hWLncZbAAbK0mar7oZ4V079I/qPMxg=="],

    "tslib": ["tslib@2.8.1", "", {}, "sha512-oJFu94HQb+KVduSUQL7wnpmqnfmLsOA/nAh6b6EH0wCEoK0/mPeXU6c3wKDV83MkOuHPRHtSXKKU99IBazS/2w=="],

    "typescript": ["typescript@5.6.3", "", { "bin": { "tsc": "bin/tsc", "tsserver": "bin/tsserver" } }, "sha512-hjcS1mhfuyi4WW8IWtjP7brDrG2cuDZukyrYrSauoXGNgx0S7zceP07adYkJycEr56BOUTNPzbInooiN3fn1qw=="],

    "undici-types": ["undici-types@5.26.5", "", {}, "sha512-JlCMO+ehdEIKqlFxk6IfVoAUVmgz7cU7zD/h9XZ0qzeosSHmUJVOzSQvvYSYWXkFXC+IfLKSIffhv0sVZup6pA=="],

    "webidl-conversions": ["webidl-conversions@7.0.0", "", {}, "sha512-VwddBukDzu71offAQR975unBIGqfKZpM+8ZX6ySk8nYhVoo5CYaZyzt3YBvYtRtO+aoGlqxPg/B87NGVZ/fu6g=="],

    "whatwg-mimetype": ["whatwg-mimetype@3.0.0", "", {}, "sha512-nt+N2dzIutVRxARx1nghPKGv1xHikU7HKdfafKkLNLindmPU/ch3U31NOCGGA/dmPcmb1VlofO0vnKAcsm0o/Q=="],
  }
}
